
Microsoft Visual Studio Solution File, Format Version 12.00
# Visual Studio Version 17
VisualStudioVersion = 17.5.2.0
MinimumVisualStudioVersion = 10.0.40219.1
Project("{2150E333-8FDC-42A3-9474-1A3956D46DE8}") = "src", "src", "{8BC9CEB8-8B4A-11D0-8D11-00A0C91BC942}"
	ProjectSection(SolutionItems) = preProject
		src\Directory.Build.props = src\Directory.Build.props
	EndProjectSection
EndProject
Project("{2150E333-8FDC-42A3-9474-1A3956D46DE8}") = "Monads", "Monads", "{8BC9CEB8-8B4A-11D0-8D11-00A0C91BC945}"
EndProject
Project("{2150E333-8FDC-42A3-9474-1A3956D46DE8}") = "BusinessRules", "BusinessRules", "{8BC9CEB8-8B4A-11D0-8D11-00A0C91BC946}"
EndProject
Project("{2150E333-8FDC-42A3-9474-1A3956D46DE8}") = "Solution Items", "Solution Items", "{8BC9CEB8-8B4A-11D0-8D11-00A0C91BC947}"
	ProjectSection(SolutionItems) = preProject
		.gitignore = .gitignore
		Monads.slnf = Monads.slnf
		BusinessRules.slnf = BusinessRules.slnf
		Directory.Build.props = Directory.Build.props
		nuget.config = nuget.config
		Directory.Packages.props = Directory.Packages.props
	EndProjectSection
EndProject
Project("{FAE04EC0-301F-11D3-BF4B-00C04F79EFBC}") = "HelperMonads", "src\HelperMonads\HelperMonads.csproj", "{25C8842C-1CB9-FDDB-AF86-3E8C23BB97F4}"
EndProject
Project("{FAE04EC0-301F-11D3-BF4B-00C04F79EFBC}") = "HelperMonads.UnitTests", "tests\HelperMonads.UnitTests\HelperMonads.UnitTests.csproj", "{CDA9C85F-A108-46F0-BD83-7223E1085ECE}"
EndProject
Project("{FAE04EC0-301F-11D3-BF4B-00C04F79EFBC}") = "BusinessRules", "src\BusinessRules\BusinessRules.csproj", "{B29FB987-9E2B-4EF6-B412-2D41BDE69B36}"
EndProject
Project("{FAE04EC0-301F-11D3-BF4B-00C04F79EFBC}") = "BusinessRulesAnalyzer", "src\BusinessRulesAnalyzer\BusinessRulesAnalyzer.csproj", "{AE29F4E8-7FE1-4641-BBBC-271E88C3DFE5}"
EndProject
Project("{FAE04EC0-301F-11D3-BF4B-00C04F79EFBC}") = "BusinessRulesGenerator.UnitTests", "tests\BusinessRulesGenerator.UnitTests\BusinessRulesGenerator.UnitTests.csproj", "{795AC43A-5BBA-478A-94EE-9651A7AEACDF}"
EndProject
Project("{FAE04EC0-301F-11D3-BF4B-00C04F79EFBC}") = "BusinessRulesGenerator", "src\BusinessRulesGenerator\BusinessRulesGenerator.csproj", "{EB3C0E84-089D-4C57-B335-4FDDC45EABB9}"
EndProject
Project("{FAE04EC0-301F-11D3-BF4B-00C04F79EFBC}") = "BusinessRulesFixProvider", "src\BusinessRulesFixProvider\BusinessRulesFixProvider.csproj", "{8C185323-D681-4784-A2CB-D2B045FD0221}"
EndProject
Project("{2150E333-8FDC-42A3-9474-1A3956D46DE8}") = "tests", "tests", "{CEEF3B7E-EB26-452D-8298-1F6945A3FF83}"
	ProjectSection(SolutionItems) = preProject
		tests\Directory.Build.props = tests\Directory.Build.props
	EndProjectSection
EndProject
Project("{FAE04EC0-301F-11D3-BF4B-00C04F79EFBC}") = "BusinessRules.UnitTests", "tests\BusinessRules.UnitTests\BusinessRules.UnitTests.csproj", "{DEACF125-433A-4842-A53F-E7A04C334DEE}"
EndProject
Project("{2150E333-8FDC-42A3-9474-1A3956D46DE8}") = "BusinessRules", "BusinessRules", "{FE8D3893-BD83-45F1-B767-9B27E590F8C0}"
EndProject
Project("{2150E333-8FDC-42A3-9474-1A3956D46DE8}") = "Monads", "Monads", "{B32F0843-A31F-4EFE-8F4D-6E8AF6FC8CD7}"
EndProject
Project("{2150E333-8FDC-42A3-9474-1A3956D46DE8}") = "HelperUnions", "HelperUnions", "{C11573EA-3578-445F-9FBE-37E7647285A5}"
EndProject
Project("{FAE04EC0-301F-11D3-BF4B-00C04F79EFBC}") = "BusinessRules.ResultExtensions", "src\BusinessRules.ResultExtensions\BusinessRules.ResultExtensions.csproj", "{A9332D66-B45B-4D2F-AE9E-2DC5E1059210}"
EndProject
Project("{FAE04EC0-301F-11D3-BF4B-00C04F79EFBC}") = "BusinessRules.ResultExtensions.UnitTests", "tests\BusinessRules.ResultExtensions.UnitTests\BusinessRules.ResultExtensions.UnitTests.csproj", "{F7A781BF-456F-4CE5-8C93-269F0784D86F}"
EndProject
Project("{FAE04EC0-301F-11D3-BF4B-00C04F79EFBC}") = "BusinessRules.Wcf", "src\BusinessRules.Wcf\BusinessRules.Wcf.csproj", "{3CA80CDA-DD51-413D-8CF5-E82479D08DB1}"
EndProject
Project("{FAE04EC0-301F-11D3-BF4B-00C04F79EFBC}") = "BusinessRules.Wcf.UnitTests", "tests\BusinessRules.Wcf.UnitTests\BusinessRules.Wcf.UnitTests.csproj", "{0D7D3980-91B8-49B6-9CE6-7ED563C7BA7A}"
EndProject
Project("{2150E333-8FDC-42A3-9474-1A3956D46DE8}") = "tools", "tools", "{29D12269-789D-48C1-9964-CC10B7B57C57}"
	ProjectSection(SolutionItems) = preProject
		tools\docs-push.ps1 = tools\docs-push.ps1
		tools\setup.ps1 = tools\setup.ps1
	EndProjectSection
EndProject
Project("{2150E333-8FDC-42A3-9474-1A3956D46DE8}") = "documentation", "documentation", "{68805024-391A-4332-961F-02929F33E1A0}"
	ProjectSection(SolutionItems) = preProject
		CONTRIBUTING.md = CONTRIBUTING.md
		design-system-style-guide.md = design-system-style-guide.md
		README.md = README.md
		LICENSE = LICENSE
	EndProjectSection
EndProject
Project("{2150E333-8FDC-42A3-9474-1A3956D46DE8}") = "packaging", "packaging", "{9411AB8C-5275-4DD5-AAB0-4E55A6781736}"
	ProjectSection(SolutionItems) = preProject
		tools\build-businessrules.ps1 = tools\build-businessrules.ps1
		tools\build-monads.ps1 = tools\build-monads.ps1
	EndProjectSection
EndProject
Project("{FAE04EC0-301F-11D3-BF4B-00C04F79EFBC}") = "HelperUnions", "src\HelperUnions\HelperUnions.csproj", "{681D998A-3A4A-45AD-9798-CE509556F367}"
EndProject
Project("{FAE04EC0-301F-11D3-BF4B-00C04F79EFBC}") = "HelperUnionsGenerator", "src\HelperUnionsGenerator\HelperUnionsGenerator.csproj", "{65A16F2D-7797-4F34-8264-58748DAC8ECE}"
EndProject
Project("{FAE04EC0-301F-11D3-BF4B-00C04F79EFBC}") = "HelperUnionsAnalyzer", "src\HelperUnionsAnalyzer\HelperUnionsAnalyzer.csproj", "{FF11749C-A26F-4B31-B875-AB7C346FFA3F}"
EndProject
Project("{FAE04EC0-301F-11D3-BF4B-00C04F79EFBC}") = "HelperUnionsFixProvider", "src\HelperUnionsFixProvider\HelperUnionsFixProvider.csproj", "{5FB56701-4EB7-442E-BD4E-04693ACAE180}"
EndProject
Project("{FAE04EC0-301F-11D3-BF4B-00C04F79EFBC}") = "HelperUnions.UnitTests", "tests\HelperUnions.UnitTests\HelperUnions.UnitTests.csproj", "{ACBCB786-E820-478E-8BAD-03727B541AC6}"
EndProject
Project("{2150E333-8FDC-42A3-9474-1A3956D46DE8}") = "HelperUnions", "HelperUnions", "{79D8E703-2539-4844-ACDA-4C992114E264}"
EndProject
Global
	GlobalSection(SolutionConfigurationPlatforms) = preSolution
		Debug|Any CPU = Debug|Any CPU
		Debug|x64 = Debug|x64
		Debug|x86 = Debug|x86
		Release|Any CPU = Release|Any CPU
		Release|x64 = Release|x64
		Release|x86 = Release|x86
	EndGlobalSection
	GlobalSection(ProjectConfigurationPlatforms) = postSolution
		{25C8842C-1CB9-FDDB-AF86-3E8C23BB97F4}.Debug|Any CPU.ActiveCfg = Debug|Any CPU
		{25C8842C-1CB9-FDDB-AF86-3E8C23BB97F4}.Debug|Any CPU.Build.0 = Debug|Any CPU
		{25C8842C-1CB9-FDDB-AF86-3E8C23BB97F4}.Debug|x64.ActiveCfg = Debug|Any CPU
		{25C8842C-1CB9-FDDB-AF86-3E8C23BB97F4}.Debug|x64.Build.0 = Debug|Any CPU
		{25C8842C-1CB9-FDDB-AF86-3E8C23BB97F4}.Debug|x86.ActiveCfg = Debug|Any CPU
		{25C8842C-1CB9-FDDB-AF86-3E8C23BB97F4}.Debug|x86.Build.0 = Debug|Any CPU
		{25C8842C-1CB9-FDDB-AF86-3E8C23BB97F4}.Release|Any CPU.ActiveCfg = Release|Any CPU
		{25C8842C-1CB9-FDDB-AF86-3E8C23BB97F4}.Release|Any CPU.Build.0 = Release|Any CPU
		{25C8842C-1CB9-FDDB-AF86-3E8C23BB97F4}.Release|x64.ActiveCfg = Release|Any CPU
		{25C8842C-1CB9-FDDB-AF86-3E8C23BB97F4}.Release|x64.Build.0 = Release|Any CPU
		{25C8842C-1CB9-FDDB-AF86-3E8C23BB97F4}.Release|x86.ActiveCfg = Release|Any CPU
		{25C8842C-1CB9-FDDB-AF86-3E8C23BB97F4}.Release|x86.Build.0 = Release|Any CPU
		{CDA9C85F-A108-46F0-BD83-7223E1085ECE}.Debug|Any CPU.ActiveCfg = Debug|Any CPU
		{CDA9C85F-A108-46F0-BD83-7223E1085ECE}.Debug|Any CPU.Build.0 = Debug|Any CPU
		{CDA9C85F-A108-46F0-BD83-7223E1085ECE}.Debug|x64.ActiveCfg = Debug|Any CPU
		{CDA9C85F-A108-46F0-BD83-7223E1085ECE}.Debug|x64.Build.0 = Debug|Any CPU
		{CDA9C85F-A108-46F0-BD83-7223E1085ECE}.Debug|x86.ActiveCfg = Debug|Any CPU
		{CDA9C85F-A108-46F0-BD83-7223E1085ECE}.Debug|x86.Build.0 = Debug|Any CPU
		{CDA9C85F-A108-46F0-BD83-7223E1085ECE}.Release|Any CPU.ActiveCfg = Release|Any CPU
		{CDA9C85F-A108-46F0-BD83-7223E1085ECE}.Release|Any CPU.Build.0 = Release|Any CPU
		{CDA9C85F-A108-46F0-BD83-7223E1085ECE}.Release|x64.ActiveCfg = Release|Any CPU
		{CDA9C85F-A108-46F0-BD83-7223E1085ECE}.Release|x64.Build.0 = Release|Any CPU
		{CDA9C85F-A108-46F0-BD83-7223E1085ECE}.Release|x86.ActiveCfg = Release|Any CPU
		{CDA9C85F-A108-46F0-BD83-7223E1085ECE}.Release|x86.Build.0 = Release|Any CPU
		{B29FB987-9E2B-4EF6-B412-2D41BDE69B36}.Debug|Any CPU.ActiveCfg = Debug|Any CPU
		{B29FB987-9E2B-4EF6-B412-2D41BDE69B36}.Debug|Any CPU.Build.0 = Debug|Any CPU
		{B29FB987-9E2B-4EF6-B412-2D41BDE69B36}.Debug|x64.ActiveCfg = Debug|Any CPU
		{B29FB987-9E2B-4EF6-B412-2D41BDE69B36}.Debug|x64.Build.0 = Debug|Any CPU
		{B29FB987-9E2B-4EF6-B412-2D41BDE69B36}.Debug|x86.ActiveCfg = Debug|Any CPU
		{B29FB987-9E2B-4EF6-B412-2D41BDE69B36}.Debug|x86.Build.0 = Debug|Any CPU
		{B29FB987-9E2B-4EF6-B412-2D41BDE69B36}.Release|Any CPU.ActiveCfg = Release|Any CPU
		{B29FB987-9E2B-4EF6-B412-2D41BDE69B36}.Release|Any CPU.Build.0 = Release|Any CPU
		{B29FB987-9E2B-4EF6-B412-2D41BDE69B36}.Release|x64.ActiveCfg = Release|Any CPU
		{B29FB987-9E2B-4EF6-B412-2D41BDE69B36}.Release|x64.Build.0 = Release|Any CPU
		{B29FB987-9E2B-4EF6-B412-2D41BDE69B36}.Release|x86.ActiveCfg = Release|Any CPU
		{B29FB987-9E2B-4EF6-B412-2D41BDE69B36}.Release|x86.Build.0 = Release|Any CPU
		{AE29F4E8-7FE1-4641-BBBC-271E88C3DFE5}.Debug|Any CPU.ActiveCfg = Debug|Any CPU
		{AE29F4E8-7FE1-4641-BBBC-271E88C3DFE5}.Debug|Any CPU.Build.0 = Debug|Any CPU
		{AE29F4E8-7FE1-4641-BBBC-271E88C3DFE5}.Debug|x64.ActiveCfg = Debug|Any CPU
		{AE29F4E8-7FE1-4641-BBBC-271E88C3DFE5}.Debug|x64.Build.0 = Debug|Any CPU
		{AE29F4E8-7FE1-4641-BBBC-271E88C3DFE5}.Debug|x86.ActiveCfg = Debug|Any CPU
		{AE29F4E8-7FE1-4641-BBBC-271E88C3DFE5}.Debug|x86.Build.0 = Debug|Any CPU
		{AE29F4E8-7FE1-4641-BBBC-271E88C3DFE5}.Release|Any CPU.ActiveCfg = Release|Any CPU
		{AE29F4E8-7FE1-4641-BBBC-271E88C3DFE5}.Release|Any CPU.Build.0 = Release|Any CPU
		{AE29F4E8-7FE1-4641-BBBC-271E88C3DFE5}.Release|x64.ActiveCfg = Release|Any CPU
		{AE29F4E8-7FE1-4641-BBBC-271E88C3DFE5}.Release|x64.Build.0 = Release|Any CPU
		{AE29F4E8-7FE1-4641-BBBC-271E88C3DFE5}.Release|x86.ActiveCfg = Release|Any CPU
		{AE29F4E8-7FE1-4641-BBBC-271E88C3DFE5}.Release|x86.Build.0 = Release|Any CPU
		{795AC43A-5BBA-478A-94EE-9651A7AEACDF}.Debug|Any CPU.ActiveCfg = Debug|Any CPU
		{795AC43A-5BBA-478A-94EE-9651A7AEACDF}.Debug|Any CPU.Build.0 = Debug|Any CPU
		{795AC43A-5BBA-478A-94EE-9651A7AEACDF}.Debug|x64.ActiveCfg = Debug|Any CPU
		{795AC43A-5BBA-478A-94EE-9651A7AEACDF}.Debug|x64.Build.0 = Debug|Any CPU
		{795AC43A-5BBA-478A-94EE-9651A7AEACDF}.Debug|x86.ActiveCfg = Debug|Any CPU
		{795AC43A-5BBA-478A-94EE-9651A7AEACDF}.Debug|x86.Build.0 = Debug|Any CPU
		{795AC43A-5BBA-478A-94EE-9651A7AEACDF}.Release|Any CPU.ActiveCfg = Release|Any CPU
		{795AC43A-5BBA-478A-94EE-9651A7AEACDF}.Release|Any CPU.Build.0 = Release|Any CPU
		{795AC43A-5BBA-478A-94EE-9651A7AEACDF}.Release|x64.ActiveCfg = Release|Any CPU
		{795AC43A-5BBA-478A-94EE-9651A7AEACDF}.Release|x64.Build.0 = Release|Any CPU
		{795AC43A-5BBA-478A-94EE-9651A7AEACDF}.Release|x86.ActiveCfg = Release|Any CPU
		{795AC43A-5BBA-478A-94EE-9651A7AEACDF}.Release|x86.Build.0 = Release|Any CPU
		{EB3C0E84-089D-4C57-B335-4FDDC45EABB9}.Debug|Any CPU.ActiveCfg = Debug|Any CPU
		{EB3C0E84-089D-4C57-B335-4FDDC45EABB9}.Debug|Any CPU.Build.0 = Debug|Any CPU
		{EB3C0E84-089D-4C57-B335-4FDDC45EABB9}.Debug|x64.ActiveCfg = Debug|Any CPU
		{EB3C0E84-089D-4C57-B335-4FDDC45EABB9}.Debug|x64.Build.0 = Debug|Any CPU
		{EB3C0E84-089D-4C57-B335-4FDDC45EABB9}.Debug|x86.ActiveCfg = Debug|Any CPU
		{EB3C0E84-089D-4C57-B335-4FDDC45EABB9}.Debug|x86.Build.0 = Debug|Any CPU
		{EB3C0E84-089D-4C57-B335-4FDDC45EABB9}.Release|Any CPU.ActiveCfg = Release|Any CPU
		{EB3C0E84-089D-4C57-B335-4FDDC45EABB9}.Release|Any CPU.Build.0 = Release|Any CPU
		{EB3C0E84-089D-4C57-B335-4FDDC45EABB9}.Release|x64.ActiveCfg = Release|Any CPU
		{EB3C0E84-089D-4C57-B335-4FDDC45EABB9}.Release|x64.Build.0 = Release|Any CPU
		{EB3C0E84-089D-4C57-B335-4FDDC45EABB9}.Release|x86.ActiveCfg = Release|Any CPU
		{EB3C0E84-089D-4C57-B335-4FDDC45EABB9}.Release|x86.Build.0 = Release|Any CPU
		{8C185323-D681-4784-A2CB-D2B045FD0221}.Debug|Any CPU.ActiveCfg = Debug|Any CPU
		{8C185323-D681-4784-A2CB-D2B045FD0221}.Debug|Any CPU.Build.0 = Debug|Any CPU
		{8C185323-D681-4784-A2CB-D2B045FD0221}.Debug|x64.ActiveCfg = Debug|Any CPU
		{8C185323-D681-4784-A2CB-D2B045FD0221}.Debug|x64.Build.0 = Debug|Any CPU
		{8C185323-D681-4784-A2CB-D2B045FD0221}.Debug|x86.ActiveCfg = Debug|Any CPU
		{8C185323-D681-4784-A2CB-D2B045FD0221}.Debug|x86.Build.0 = Debug|Any CPU
		{8C185323-D681-4784-A2CB-D2B045FD0221}.Release|Any CPU.ActiveCfg = Release|Any CPU
		{8C185323-D681-4784-A2CB-D2B045FD0221}.Release|Any CPU.Build.0 = Release|Any CPU
		{8C185323-D681-4784-A2CB-D2B045FD0221}.Release|x64.ActiveCfg = Release|Any CPU
		{8C185323-D681-4784-A2CB-D2B045FD0221}.Release|x64.Build.0 = Release|Any CPU
		{8C185323-D681-4784-A2CB-D2B045FD0221}.Release|x86.ActiveCfg = Release|Any CPU
		{8C185323-D681-4784-A2CB-D2B045FD0221}.Release|x86.Build.0 = Release|Any CPU
		{DEACF125-433A-4842-A53F-E7A04C334DEE}.Debug|Any CPU.ActiveCfg = Debug|Any CPU
		{DEACF125-433A-4842-A53F-E7A04C334DEE}.Debug|Any CPU.Build.0 = Debug|Any CPU
		{DEACF125-433A-4842-A53F-E7A04C334DEE}.Debug|x64.ActiveCfg = Debug|Any CPU
		{DEACF125-433A-4842-A53F-E7A04C334DEE}.Debug|x64.Build.0 = Debug|Any CPU
		{DEACF125-433A-4842-A53F-E7A04C334DEE}.Debug|x86.ActiveCfg = Debug|Any CPU
		{DEACF125-433A-4842-A53F-E7A04C334DEE}.Debug|x86.Build.0 = Debug|Any CPU
		{DEACF125-433A-4842-A53F-E7A04C334DEE}.Release|Any CPU.ActiveCfg = Release|Any CPU
		{DEACF125-433A-4842-A53F-E7A04C334DEE}.Release|Any CPU.Build.0 = Release|Any CPU
		{DEACF125-433A-4842-A53F-E7A04C334DEE}.Release|x64.ActiveCfg = Release|Any CPU
		{DEACF125-433A-4842-A53F-E7A04C334DEE}.Release|x64.Build.0 = Release|Any CPU
		{DEACF125-433A-4842-A53F-E7A04C334DEE}.Release|x86.ActiveCfg = Release|Any CPU
		{DEACF125-433A-4842-A53F-E7A04C334DEE}.Release|x86.Build.0 = Release|Any CPU
		{A9332D66-B45B-4D2F-AE9E-2DC5E1059210}.Debug|Any CPU.ActiveCfg = Debug|Any CPU
		{A9332D66-B45B-4D2F-AE9E-2DC5E1059210}.Debug|Any CPU.Build.0 = Debug|Any CPU
		{A9332D66-B45B-4D2F-AE9E-2DC5E1059210}.Debug|x64.ActiveCfg = Debug|Any CPU
		{A9332D66-B45B-4D2F-AE9E-2DC5E1059210}.Debug|x64.Build.0 = Debug|Any CPU
		{A9332D66-B45B-4D2F-AE9E-2DC5E1059210}.Debug|x86.ActiveCfg = Debug|Any CPU
		{A9332D66-B45B-4D2F-AE9E-2DC5E1059210}.Debug|x86.Build.0 = Debug|Any CPU
		{A9332D66-B45B-4D2F-AE9E-2DC5E1059210}.Release|Any CPU.ActiveCfg = Release|Any CPU
		{A9332D66-B45B-4D2F-AE9E-2DC5E1059210}.Release|Any CPU.Build.0 = Release|Any CPU
		{A9332D66-B45B-4D2F-AE9E-2DC5E1059210}.Release|x64.ActiveCfg = Release|Any CPU
		{A9332D66-B45B-4D2F-AE9E-2DC5E1059210}.Release|x64.Build.0 = Release|Any CPU
		{A9332D66-B45B-4D2F-AE9E-2DC5E1059210}.Release|x86.ActiveCfg = Release|Any CPU
		{A9332D66-B45B-4D2F-AE9E-2DC5E1059210}.Release|x86.Build.0 = Release|Any CPU
		{F7A781BF-456F-4CE5-8C93-269F0784D86F}.Debug|Any CPU.ActiveCfg = Debug|Any CPU
		{F7A781BF-456F-4CE5-8C93-269F0784D86F}.Debug|Any CPU.Build.0 = Debug|Any CPU
		{F7A781BF-456F-4CE5-8C93-269F0784D86F}.Debug|x64.ActiveCfg = Debug|Any CPU
		{F7A781BF-456F-4CE5-8C93-269F0784D86F}.Debug|x64.Build.0 = Debug|Any CPU
		{F7A781BF-456F-4CE5-8C93-269F0784D86F}.Debug|x86.ActiveCfg = Debug|Any CPU
		{F7A781BF-456F-4CE5-8C93-269F0784D86F}.Debug|x86.Build.0 = Debug|Any CPU
		{F7A781BF-456F-4CE5-8C93-269F0784D86F}.Release|Any CPU.ActiveCfg = Release|Any CPU
		{F7A781BF-456F-4CE5-8C93-269F0784D86F}.Release|Any CPU.Build.0 = Release|Any CPU
		{F7A781BF-456F-4CE5-8C93-269F0784D86F}.Release|x64.ActiveCfg = Release|Any CPU
		{F7A781BF-456F-4CE5-8C93-269F0784D86F}.Release|x64.Build.0 = Release|Any CPU
		{F7A781BF-456F-4CE5-8C93-269F0784D86F}.Release|x86.ActiveCfg = Release|Any CPU
		{F7A781BF-456F-4CE5-8C93-269F0784D86F}.Release|x86.Build.0 = Release|Any CPU
		{3CA80CDA-DD51-413D-8CF5-E82479D08DB1}.Debug|Any CPU.ActiveCfg = Debug|Any CPU
		{3CA80CDA-DD51-413D-8CF5-E82479D08DB1}.Debug|Any CPU.Build.0 = Debug|Any CPU
		{3CA80CDA-DD51-413D-8CF5-E82479D08DB1}.Debug|x64.ActiveCfg = Debug|Any CPU
		{3CA80CDA-DD51-413D-8CF5-E82479D08DB1}.Debug|x64.Build.0 = Debug|Any CPU
		{3CA80CDA-DD51-413D-8CF5-E82479D08DB1}.Debug|x86.ActiveCfg = Debug|Any CPU
		{3CA80CDA-DD51-413D-8CF5-E82479D08DB1}.Debug|x86.Build.0 = Debug|Any CPU
		{3CA80CDA-DD51-413D-8CF5-E82479D08DB1}.Release|Any CPU.ActiveCfg = Release|Any CPU
		{3CA80CDA-DD51-413D-8CF5-E82479D08DB1}.Release|Any CPU.Build.0 = Release|Any CPU
		{3CA80CDA-DD51-413D-8CF5-E82479D08DB1}.Release|x64.ActiveCfg = Release|Any CPU
		{3CA80CDA-DD51-413D-8CF5-E82479D08DB1}.Release|x64.Build.0 = Release|Any CPU
		{3CA80CDA-DD51-413D-8CF5-E82479D08DB1}.Release|x86.ActiveCfg = Release|Any CPU
		{3CA80CDA-DD51-413D-8CF5-E82479D08DB1}.Release|x86.Build.0 = Release|Any CPU
		{0D7D3980-91B8-49B6-9CE6-7ED563C7BA7A}.Debug|Any CPU.ActiveCfg = Debug|Any CPU
		{0D7D3980-91B8-49B6-9CE6-7ED563C7BA7A}.Debug|Any CPU.Build.0 = Debug|Any CPU
		{0D7D3980-91B8-49B6-9CE6-7ED563C7BA7A}.Debug|x64.ActiveCfg = Debug|Any CPU
		{0D7D3980-91B8-49B6-9CE6-7ED563C7BA7A}.Debug|x64.Build.0 = Debug|Any CPU
		{0D7D3980-91B8-49B6-9CE6-7ED563C7BA7A}.Debug|x86.ActiveCfg = Debug|Any CPU
		{0D7D3980-91B8-49B6-9CE6-7ED563C7BA7A}.Debug|x86.Build.0 = Debug|Any CPU
		{0D7D3980-91B8-49B6-9CE6-7ED563C7BA7A}.Release|Any CPU.ActiveCfg = Release|Any CPU
		{0D7D3980-91B8-49B6-9CE6-7ED563C7BA7A}.Release|Any CPU.Build.0 = Release|Any CPU
		{0D7D3980-91B8-49B6-9CE6-7ED563C7BA7A}.Release|x64.ActiveCfg = Release|Any CPU
		{0D7D3980-91B8-49B6-9CE6-7ED563C7BA7A}.Release|x64.Build.0 = Release|Any CPU
		{0D7D3980-91B8-49B6-9CE6-7ED563C7BA7A}.Release|x86.ActiveCfg = Release|Any CPU
		{0D7D3980-91B8-49B6-9CE6-7ED563C7BA7A}.Release|x86.Build.0 = Release|Any CPU
		{681D998A-3A4A-45AD-9798-CE509556F367}.Debug|Any CPU.ActiveCfg = Debug|Any CPU
		{681D998A-3A4A-45AD-9798-CE509556F367}.Debug|Any CPU.Build.0 = Debug|Any CPU
		{681D998A-3A4A-45AD-9798-CE509556F367}.Debug|x64.ActiveCfg = Debug|Any CPU
		{681D998A-3A4A-45AD-9798-CE509556F367}.Debug|x64.Build.0 = Debug|Any CPU
		{681D998A-3A4A-45AD-9798-CE509556F367}.Debug|x86.ActiveCfg = Debug|Any CPU
		{681D998A-3A4A-45AD-9798-CE509556F367}.Debug|x86.Build.0 = Debug|Any CPU
		{681D998A-3A4A-45AD-9798-CE509556F367}.Release|Any CPU.ActiveCfg = Release|Any CPU
		{681D998A-3A4A-45AD-9798-CE509556F367}.Release|Any CPU.Build.0 = Release|Any CPU
		{681D998A-3A4A-45AD-9798-CE509556F367}.Release|x64.ActiveCfg = Release|Any CPU
		{681D998A-3A4A-45AD-9798-CE509556F367}.Release|x64.Build.0 = Release|Any CPU
		{681D998A-3A4A-45AD-9798-CE509556F367}.Release|x86.ActiveCfg = Release|Any CPU
		{681D998A-3A4A-45AD-9798-CE509556F367}.Release|x86.Build.0 = Release|Any CPU
		{65A16F2D-7797-4F34-8264-58748DAC8ECE}.Debug|Any CPU.ActiveCfg = Debug|Any CPU
		{65A16F2D-7797-4F34-8264-58748DAC8ECE}.Debug|Any CPU.Build.0 = Debug|Any CPU
		{65A16F2D-7797-4F34-8264-58748DAC8ECE}.Debug|x64.ActiveCfg = Debug|Any CPU
		{65A16F2D-7797-4F34-8264-58748DAC8ECE}.Debug|x64.Build.0 = Debug|Any CPU
		{65A16F2D-7797-4F34-8264-58748DAC8ECE}.Debug|x86.ActiveCfg = Debug|Any CPU
		{65A16F2D-7797-4F34-8264-58748DAC8ECE}.Debug|x86.Build.0 = Debug|Any CPU
		{65A16F2D-7797-4F34-8264-58748DAC8ECE}.Release|Any CPU.ActiveCfg = Release|Any CPU
		{65A16F2D-7797-4F34-8264-58748DAC8ECE}.Release|Any CPU.Build.0 = Release|Any CPU
		{65A16F2D-7797-4F34-8264-58748DAC8ECE}.Release|x64.ActiveCfg = Release|Any CPU
		{65A16F2D-7797-4F34-8264-58748DAC8ECE}.Release|x64.Build.0 = Release|Any CPU
		{65A16F2D-7797-4F34-8264-58748DAC8ECE}.Release|x86.ActiveCfg = Release|Any CPU
		{65A16F2D-7797-4F34-8264-58748DAC8ECE}.Release|x86.Build.0 = Release|Any CPU
		{FF11749C-A26F-4B31-B875-AB7C346FFA3F}.Debug|Any CPU.ActiveCfg = Debug|Any CPU
		{FF11749C-A26F-4B31-B875-AB7C346FFA3F}.Debug|Any CPU.Build.0 = Debug|Any CPU
		{FF11749C-A26F-4B31-B875-AB7C346FFA3F}.Debug|x64.ActiveCfg = Debug|Any CPU
		{FF11749C-A26F-4B31-B875-AB7C346FFA3F}.Debug|x64.Build.0 = Debug|Any CPU
		{FF11749C-A26F-4B31-B875-AB7C346FFA3F}.Debug|x86.ActiveCfg = Debug|Any CPU
		{FF11749C-A26F-4B31-B875-AB7C346FFA3F}.Debug|x86.Build.0 = Debug|Any CPU
		{FF11749C-A26F-4B31-B875-AB7C346FFA3F}.Release|Any CPU.ActiveCfg = Release|Any CPU
		{FF11749C-A26F-4B31-B875-AB7C346FFA3F}.Release|Any CPU.Build.0 = Release|Any CPU
		{FF11749C-A26F-4B31-B875-AB7C346FFA3F}.Release|x64.ActiveCfg = Release|Any CPU
		{FF11749C-A26F-4B31-B875-AB7C346FFA3F}.Release|x64.Build.0 = Release|Any CPU
		{FF11749C-A26F-4B31-B875-AB7C346FFA3F}.Release|x86.ActiveCfg = Release|Any CPU
		{FF11749C-A26F-4B31-B875-AB7C346FFA3F}.Release|x86.Build.0 = Release|Any CPU
		{5FB56701-4EB7-442E-BD4E-04693ACAE180}.Debug|Any CPU.ActiveCfg = Debug|Any CPU
		{5FB56701-4EB7-442E-BD4E-04693ACAE180}.Debug|Any CPU.Build.0 = Debug|Any CPU
		{5FB56701-4EB7-442E-BD4E-04693ACAE180}.Debug|x64.ActiveCfg = Debug|Any CPU
		{5FB56701-4EB7-442E-BD4E-04693ACAE180}.Debug|x64.Build.0 = Debug|Any CPU
		{5FB56701-4EB7-442E-BD4E-04693ACAE180}.Debug|x86.ActiveCfg = Debug|Any CPU
		{5FB56701-4EB7-442E-BD4E-04693ACAE180}.Debug|x86.Build.0 = Debug|Any CPU
		{5FB56701-4EB7-442E-BD4E-04693ACAE180}.Release|Any CPU.ActiveCfg = Release|Any CPU
		{5FB56701-4EB7-442E-BD4E-04693ACAE180}.Release|Any CPU.Build.0 = Release|Any CPU
		{5FB56701-4EB7-442E-BD4E-04693ACAE180}.Release|x64.ActiveCfg = Release|Any CPU
		{5FB56701-4EB7-442E-BD4E-04693ACAE180}.Release|x64.Build.0 = Release|Any CPU
		{5FB56701-4EB7-442E-BD4E-04693ACAE180}.Release|x86.ActiveCfg = Release|Any CPU
		{5FB56701-4EB7-442E-BD4E-04693ACAE180}.Release|x86.Build.0 = Release|Any CPU
		{ACBCB786-E820-478E-8BAD-03727B541AC6}.Debug|Any CPU.ActiveCfg = Debug|Any CPU
		{ACBCB786-E820-478E-8BAD-03727B541AC6}.Debug|Any CPU.Build.0 = Debug|Any CPU
		{ACBCB786-E820-478E-8BAD-03727B541AC6}.Debug|x64.ActiveCfg = Debug|Any CPU
		{ACBCB786-E820-478E-8BAD-03727B541AC6}.Debug|x64.Build.0 = Debug|Any CPU
		{ACBCB786-E820-478E-8BAD-03727B541AC6}.Debug|x86.ActiveCfg = Debug|Any CPU
		{ACBCB786-E820-478E-8BAD-03727B541AC6}.Debug|x86.Build.0 = Debug|Any CPU
		{ACBCB786-E820-478E-8BAD-03727B541AC6}.Release|Any CPU.ActiveCfg = Release|Any CPU
		{ACBCB786-E820-478E-8BAD-03727B541AC6}.Release|Any CPU.Build.0 = Release|Any CPU
		{ACBCB786-E820-478E-8BAD-03727B541AC6}.Release|x64.ActiveCfg = Release|Any CPU
		{ACBCB786-E820-478E-8BAD-03727B541AC6}.Release|x64.Build.0 = Release|Any CPU
		{ACBCB786-E820-478E-8BAD-03727B541AC6}.Release|x86.ActiveCfg = Release|Any CPU
		{ACBCB786-E820-478E-8BAD-03727B541AC6}.Release|x86.Build.0 = Release|Any CPU
	EndGlobalSection
	GlobalSection(SolutionProperties) = preSolution
		HideSolutionNode = FALSE
	EndGlobalSection
	GlobalSection(NestedProjects) = preSolution
		{8BC9CEB8-8B4A-11D0-8D11-00A0C91BC945} = {8BC9CEB8-8B4A-11D0-8D11-00A0C91BC942}
		{8BC9CEB8-8B4A-11D0-8D11-00A0C91BC946} = {8BC9CEB8-8B4A-11D0-8D11-00A0C91BC942}
		{25C8842C-1CB9-FDDB-AF86-3E8C23BB97F4} = {8BC9CEB8-8B4A-11D0-8D11-00A0C91BC945}
		{CDA9C85F-A108-46F0-BD83-7223E1085ECE} = {B32F0843-A31F-4EFE-8F4D-6E8AF6FC8CD7}
		{B29FB987-9E2B-4EF6-B412-2D41BDE69B36} = {8BC9CEB8-8B4A-11D0-8D11-00A0C91BC946}
		{AE29F4E8-7FE1-4641-BBBC-271E88C3DFE5} = {8BC9CEB8-8B4A-11D0-8D11-00A0C91BC946}
		{795AC43A-5BBA-478A-94EE-9651A7AEACDF} = {FE8D3893-BD83-45F1-B767-9B27E590F8C0}
		{EB3C0E84-089D-4C57-B335-4FDDC45EABB9} = {8BC9CEB8-8B4A-11D0-8D11-00A0C91BC946}
		{8C185323-D681-4784-A2CB-D2B045FD0221} = {8BC9CEB8-8B4A-11D0-8D11-00A0C91BC946}
		{DEACF125-433A-4842-A53F-E7A04C334DEE} = {FE8D3893-BD83-45F1-B767-9B27E590F8C0}
		{FE8D3893-BD83-45F1-B767-9B27E590F8C0} = {CEEF3B7E-EB26-452D-8298-1F6945A3FF83}
		{B32F0843-A31F-4EFE-8F4D-6E8AF6FC8CD7} = {CEEF3B7E-EB26-452D-8298-1F6945A3FF83}
		{C11573EA-3578-445F-9FBE-37E7647285A5} = {8BC9CEB8-8B4A-11D0-8D11-00A0C91BC942}
		{79D8E703-2539-4844-ACDA-4C992114E264} = {CEEF3B7E-EB26-452D-8298-1F6945A3FF83}
		{A9332D66-B45B-4D2F-AE9E-2DC5E1059210} = {8BC9CEB8-8B4A-11D0-8D11-00A0C91BC946}
		{F7A781BF-456F-4CE5-8C93-269F0784D86F} = {FE8D3893-BD83-45F1-B767-9B27E590F8C0}
		{3CA80CDA-DD51-413D-8CF5-E82479D08DB1} = {8BC9CEB8-8B4A-11D0-8D11-00A0C91BC946}
		{0D7D3980-91B8-49B6-9CE6-7ED563C7BA7A} = {FE8D3893-BD83-45F1-B767-9B27E590F8C0}
		{68805024-391A-4332-961F-02929F33E1A0} = {8BC9CEB8-8B4A-11D0-8D11-00A0C91BC947}
		{9411AB8C-5275-4DD5-AAB0-4E55A6781736} = {29D12269-789D-48C1-9964-CC10B7B57C57}
		{681D998A-3A4A-45AD-9798-CE509556F367} = {C11573EA-3578-445F-9FBE-37E7647285A5}
		{65A16F2D-7797-4F34-8264-58748DAC8ECE} = {C11573EA-3578-445F-9FBE-37E7647285A5}
		{FF11749C-A26F-4B31-B875-AB7C346FFA3F} = {C11573EA-3578-445F-9FBE-37E7647285A5}
		{5FB56701-4EB7-442E-BD4E-04693ACAE180} = {C11573EA-3578-445F-9FBE-37E7647285A5}
		{ACBCB786-E820-478E-8BAD-03727B541AC6} = {79D8E703-2539-4844-ACDA-4C992114E264}
	EndGlobalSection
	GlobalSection(ExtensibilityGlobals) = postSolution
		SolutionGuid = {D9A822D7-E111-4537-A03D-1650C5BF21BF}
	EndGlobalSection
EndGlobal
